
Microsoft Visual Studio Solution File, Format Version 12.00
# Visual Studio Version 17
VisualStudioVersion = 17.14.36327.8 d17.14
MinimumVisualStudioVersion = 10.0.40219.1
Project("{FAE04EC0-301F-11D3-BF4B-00C04F79EFBC}") = "PoeCurrencyTracker.Api", "PoeCurrencyTracker.Api\PoeCurrencyTracker.Api.csproj", "{3B47A452-D1B7-423A-B004-390C14AB76B1}"
EndProject
Project("{FAE04EC0-301F-11D3-BF4B-00C04F79EFBC}") = "PoeCurrencyTracker.ClipboardMonitor", "PoeCurrencyTracker.ClipboardMonitor\PoeCurrencyTracker.ClipboardMonitor.csproj", "{FD5FAA99-1A91-427D-90CF-8BB3A8AA627D}"
EndProject
Global
	GlobalSection(SolutionConfigurationPlatforms) = preSolution
		Debug|Any CPU = Debug|Any CPU
		Release|Any CPU = Release|Any CPU
	EndGlobalSection
	GlobalSection(ProjectConfigurationPlatforms) = postSolution
		{3B47A452-D1B7-423A-B004-390C14AB76B1}.Debug|Any CPU.ActiveCfg = Debug|Any CPU
		{3B47A452-D1B7-423A-B004-390C14AB76B1}.Debug|Any CPU.Build.0 = Debug|Any CPU
		{3B47A452-D1B7-423A-B004-390C14AB76B1}.Release|Any CPU.ActiveCfg = Release|Any CPU
		{3B47A452-D1B7-423A-B004-390C14AB76B1}.Release|Any CPU.Build.0 = Release|Any CPU
		{FD5FAA99-1A91-427D-90CF-8BB3A8AA627D}.Debug|Any CPU.ActiveCfg = Debug|Any CPU
		{FD5FAA99-1A91-427D-90CF-8BB3A8AA627D}.Debug|Any CPU.Build.0 = Debug|Any CPU
		{FD5FAA99-1A91-427D-90CF-8BB3A8AA627D}.Release|Any CPU.ActiveCfg = Release|Any CPU
		{FD5FAA99-1A91-427D-90CF-8BB3A8AA627D}.Release|Any CPU.Build.0 = Release|Any CPU
	EndGlobalSection
	GlobalSection(SolutionProperties) = preSolution
		HideSolutionNode = FALSE
	EndGlobalSection
	GlobalSection(ExtensibilityGlobals) = postSolution
		SolutionGuid = {133D55D4-198E-4CFF-A0FD-618F73D0A162}
	EndGlobalSection
EndGlobal
